<Solution>
  <Folder Name="/src/">
    <Project Path="src/MrHobist.AITeam.Api/MrHobist.AITeam.Api.csproj" />
    <Project Path="src/MrHobist.AITeam.Application/MrHobist.AITeam.Application.csproj" />
    <Project Path="src/MrHobist.AITeam.Domain/MrHobist.AITeam.Domain.csproj" />
    <Project Path="src/MrHobist.AITeam.Infrastructure/MrHobist.AITeam.Infrastructure.csproj" />
  </Folder>
  <Folder Name="/tests/">
    <Project Path="tests/MrHobist.AITeam.ServiceTests/MrHobist.AITeam.ServiceTests.csproj" />
    <Project Path="tests/MrHobist.AITeam.UnitTests/MrHobist.AITeam.UnitTests.csproj" />
  </Folder>
</Solution>
